Microsoft Visual Studio Solution File, Format Version 12.00
# Visual Studio Version 17
VisualStudioVersion = 17.5.2.0
MinimumVisualStudioVersion = 10.0.40219.1
Project("{FAE04EC0-301F-11D3-BF4B-00C04F79EFBC}") = "LogisticaBroker", "LogisticaBroker.csproj", "{DF40BBB1-0F3E-4304-C519-7E646559E46F}"
EndProject
Global
	GlobalSection(SolutionConfigurationPlatforms) = preSolution
		Debug|Any CPU = Debug|Any CPU
		Release|Any CPU = Release|Any CPU
	EndGlobalSection
	GlobalSection(ProjectConfigurationPlatforms) = postSolution
		{DF40BBB1-0F3E-4304-C519-7E646559E46F}.Debug|Any CPU.ActiveCfg = Debug|Any CPU
		{DF40BBB1-0F3E-4304-C519-7E646559E46F}.Debug|Any CPU.Build.0 = Debug|Any CPU
		{DF40BBB1-0F3E-4304-C519-7E646559E46F}.Release|Any CPU.ActiveCfg = Release|Any CPU
		{DF40BBB1-0F3E-4304-C519-7E646559E46F}.Release|Any CPU.Build.0 = Release|Any CPU
	EndGlobalSection
	GlobalSection(SolutionProperties) = preSolution
		HideSolutionNode = FALSE
	EndGlobalSection
	GlobalSection(ExtensibilityGlobals) = postSolution
		SolutionGuid = {B291F11D-49C6-4D6C-8FFC-AB7DF808B435}
	EndGlobalSection
EndGlobal
